// !$*UTF8*$!
{
	archiveVersion = 1;
	classes = {
	};
	objectVersion = 46;
	objects = {

/* Begin PBXBuildFile section */
		54FC48311DB812FF00278FB3 /* AppDelegate.swift in Sources */ = {isa = PBXBuildFile; fileRef = 54FC48301DB812FF00278FB3 /* AppDelegate.swift */; };
		54FC48331DB812FF00278FB3 /* ViewController.swift in Sources */ = {isa = PBXBuildFile; fileRef = 54FC48321DB812FF00278FB3 /* ViewController.swift */; };
		54FC48361DB812FF00278FB3 /* Main.storyboard in Resources */ = {isa = PBXBuildFile; fileRef = 54FC48341DB812FF00278FB3 /* Main.storyboard */; };
		54FC48381DB812FF00278FB3 /* Assets.xcassets in Resources */ = {isa = PBXBuildFile; fileRef = 54FC48371DB812FF00278FB3 /* Assets.xcassets */; };
		54FC483B1DB812FF00278FB3 /* LaunchScreen.storyboard in Resources */ = {isa = PBXBuildFile; fileRef = 54FC48391DB812FF00278FB3 /* LaunchScreen.storyboard */; };
		54FC48461DB812FF00278FB3 /* ToDoListTests.swift in Sources */ = {isa = PBXBuildFile; fileRef = 54FC48451DB812FF00278FB3 /* ToDoListTests.swift */; };
		54FC48511DB812FF00278FB3 /* ToDoListUITests.swift in Sources */ = {isa = PBXBuildFile; fileRef = 54FC48501DB812FF00278FB3 /* ToDoListUITests.swift */; };
		54FC485F1DB9C28100278FB3 /* MealTableViewCell.swift in Sources */ = {isa = PBXBuildFile; fileRef = 54FC485E1DB9C28100278FB3 /* MealTableViewCell.swift */; };
		54FC48611DB9CAFE00278FB3 /* Meal.swift in Sources */ = {isa = PBXBuildFile; fileRef = 54FC48601DB9CAFE00278FB3 /* Meal.swift */; };
		54FC48641DB9D43000278FB3 /* MealTableViewController.swift in Sources */ = {isa = PBXBuildFile; fileRef = 54FC48621DB9D43000278FB3 /* MealTableViewController.swift */; };
		54FC48651DB9D43000278FB3 /* MealTableViewController.xib in Resources */ = {isa = PBXBuildFile; fileRef = 54FC48631DB9D43000278FB3 /* MealTableViewController.xib */; };
		54FC48691DBC899F00278FB3 /* completedTableViewCell.swift in Sources */ = {isa = PBXBuildFile; fileRef = 54FC48681DBC899F00278FB3 /* completedTableViewCell.swift */; };
/* End PBXBuildFile section */

/* Begin PBXContainerItemProxy section */
		54FC48421DB812FF00278FB3 /* PBXContainerItemProxy */ = {
			isa = PBXContainerItemProxy;
			containerPortal = 54FC48251DB812FE00278FB3 /* Project object */;
			proxyType = 1;
			remoteGlobalIDString = 54FC482C1DB812FE00278FB3;
			remoteInfo = ToDoList;
		};
		54FC484D1DB812FF00278FB3 /* PBXContainerItemProxy */ = {
			isa = PBXContainerItemProxy;
			containerPortal = 54FC48251DB812FE00278FB3 /* Project object */;
			proxyType = 1;
			remoteGlobalIDString = 54FC482C1DB812FE00278FB3;
			remoteInfo = ToDoList;
		};
/* End PBXContainerItemProxy section */

/* Begin PBXFileReference section */
		54FC482D1DB812FF00278FB3 /* ToDoList.app */ = {isa = PBXFileReference; explicitFileType = wrapper.application; includeInIndex = 0; path = ToDoList.app; sourceTree = BUILT_PRODUCTS_DIR; };
		54FC48301DB812FF00278FB3 /* AppDelegate.swift */ = {isa = PBXFileReference; lastKnownFileType = sourcecode.swift; path = AppDelegate.swift; sourceTree = "<group>"; };
		54FC48321DB812FF00278FB3 /* ViewController.swift */ = {isa = PBXFileReference; lastKnownFileType = sourcecode.swift; path = ViewController.swift; sourceTree = "<group>"; };
		54FC48351DB812FF00278FB3 /* Base */ = {isa = PBXFileReference; lastKnownFileType = file.storyboard; name = Base; path = Base.lproj/Main.storyboard; sourceTree = "<group>"; };
		54FC48371DB812FF00278FB3 /* Assets.xcassets */ = {isa = PBXFileReference; lastKnownFileType = folder.assetcatalog; path = Assets.xcassets; sourceTree = "<group>"; };
		54FC483A1DB812FF00278FB3 /* Base */ = {isa = PBXFileReference; lastKnownFileType = file.storyboard; name = Base; path = Base.lproj/LaunchScreen.storyboard; sourceTree = "<group>"; };
		54FC483C1DB812FF00278FB3 /* Info.plist */ = {isa = PBXFileReference; lastKnownFileType = text.plist.xml; path = Info.plist; sourceTree = "<group>"; };
		54FC48411DB812FF00278FB3 /* ToDoListTests.xctest */ = {isa = PBXFileReference; explicitFileType = wrapper.cfbundle; includeInIndex = 0; path = ToDoListTests.xctest; sourceTree = BUILT_PRODUCTS_DIR; };
		54FC48451DB812FF00278FB3 /* ToDoListTests.swift */ = {isa = PBXFileReference; lastKnownFileType = sourcecode.swift; path = ToDoListTests.swift; sourceTree = "<group>"; };
		54FC48471DB812FF00278FB3 /* Info.plist */ = {isa = PBXFileReference; lastKnownFileType = text.plist.xml; path = Info.plist; sourceTree = "<group>"; };
		54FC484C1DB812FF00278FB3 /* ToDoListUITests.xctest */ = {isa = PBXFileReference; explicitFileType = wrapper.cfbundle; includeInIndex = 0; path = ToDoListUITests.xctest; sourceTree = BUILT_PRODUCTS_DIR; };
		54FC48501DB812FF00278FB3 /* ToDoListUITests.swift */ = {isa = PBXFileReference; lastKnownFileType = sourcecode.swift; path = ToDoListUITests.swift; sourceTree = "<group>"; };
		54FC48521DB812FF00278FB3 /* Info.plist */ = {isa = PBXFileReference; lastKnownFileType = text.plist.xml; path = Info.plist; sourceTree = "<group>"; };
		54FC485E1DB9C28100278FB3 /* MealTableViewCell.swift */ = {isa = PBXFileReference; fileEncoding = 4; lastKnownFileType = sourcecode.swift; path = MealTableViewCell.swift; sourceTree = "<group>"; };
		54FC48601DB9CAFE00278FB3 /* Meal.swift */ = {isa = PBXFileReference; fileEncoding = 4; lastKnownFileType = sourcecode.swift; path = Meal.swift; sourceTree = "<group>"; };
		54FC48621DB9D43000278FB3 /* MealTableViewController.swift */ = {isa = PBXFileReference; fileEncoding = 4; lastKnownFileType = sourcecode.swift; path = MealTableViewController.swift; sourceTree = "<group>"; };
		54FC48631DB9D43000278FB3 /* MealTableViewController.xib */ = {isa = PBXFileReference; fileEncoding = 4; lastKnownFileType = file.xib; path = MealTableViewController.xib; sourceTree = "<group>"; };
		54FC48681DBC899F00278FB3 /* completedTableViewCell.swift */ = {isa = PBXFileReference; fileEncoding = 4; lastKnownFileType = sourcecode.swift; name = completedTableViewCell.swift; path = ../completedTableViewCell.swift; sourceTree = "<group>"; };
/* End PBXFileReference section */

/* Begin PBXFrameworksBuildPhase section */
		54FC482A1DB812FE00278FB3 /* Frameworks */ = {
			isa = PBXFrameworksBuildPhase;
			buildActionMask = 2147483647;
			files = (
			);
			runOnlyForDeploymentPostprocessing = 0;
		};
		54FC483E1DB812FF00278FB3 /* Frameworks */ = {
			isa = PBXFrameworksBuildPhase;
			buildActionMask = 2147483647;
			files = (
			);
			runOnlyForDeploymentPostprocessing = 0;
		};
		54FC48491DB812FF00278FB3 /* Frameworks */ = {
			isa = PBXFrameworksBuildPhase;
			buildActionMask = 2147483647;
			files = (
			);
			runOnlyForDeploymentPostprocessing = 0;
		};
/* End PBXFrameworksBuildPhase section */

/* Begin PBXGroup section */
		54FC48241DB812FE00278FB3 = {
			isa = PBXGroup;
			children = (
				54FC482F1DB812FF00278FB3 /* ToDoList */,
				54FC48441DB812FF00278FB3 /* ToDoListTests */,
				54FC484F1DB812FF00278FB3 /* ToDoListUITests */,
				54FC482E1DB812FF00278FB3 /* Products */,
			);
			sourceTree = "<group>";
		};
		54FC482E1DB812FF00278FB3 /* Products */ = {
			isa = PBXGroup;
			children = (
				54FC482D1DB812FF00278FB3 /* ToDoList.app */,
				54FC48411DB812FF00278FB3 /* ToDoListTests.xctest */,
				54FC484C1DB812FF00278FB3 /* ToDoListUITests.xctest */,
			);
			name = Products;
			sourceTree = "<group>";
		};
		54FC482F1DB812FF00278FB3 /* ToDoList */ = {
			isa = PBXGroup;
			children = (
				54FC48681DBC899F00278FB3 /* completedTableViewCell.swift */,
				54FC48301DB812FF00278FB3 /* AppDelegate.swift */,
				54FC48321DB812FF00278FB3 /* ViewController.swift */,
				54FC48341DB812FF00278FB3 /* Main.storyboard */,
				54FC48621DB9D43000278FB3 /* MealTableViewController.swift */,
				54FC48631DB9D43000278FB3 /* MealTableViewController.xib */,
				54FC48601DB9CAFE00278FB3 /* Meal.swift */,
				54FC485E1DB9C28100278FB3 /* MealTableViewCell.swift */,
				54FC48371DB812FF00278FB3 /* Assets.xcassets */,
				54FC48391DB812FF00278FB3 /* LaunchScreen.storyboard */,
				54FC483C1DB812FF00278FB3 /* Info.plist */,
			);
			path = ToDoList;
			sourceTree = "<group>";
		};
		54FC48441DB812FF00278FB3 /* ToDoListTests */ = {
			isa = PBXGroup;
			children = (
				54FC48451DB812FF00278FB3 /* ToDoListTests.swift */,
				54FC48471DB812FF00278FB3 /* Info.plist */,
			);
			path = ToDoListTests;
			sourceTree = "<group>";
		};
		54FC484F1DB812FF00278FB3 /* ToDoListUITests */ = {
			isa = PBXGroup;
			children = (
				54FC48501DB812FF00278FB3 /* ToDoListUITests.swift */,
				54FC48521DB812FF00278FB3 /* Info.plist */,
			);
			path = ToDoListUITests;
			sourceTree = "<group>";
		};
/* End PBXGroup section */

/* Begin PBXNativeTarget section */
		54FC482C1DB812FE00278FB3 /* ToDoList */ = {
			isa = PBXNativeTarget;
			buildConfigurationList = 54FC48551DB812FF00278FB3 /* Build configuration list for PBXNativeTarget "ToDoList" */;
			buildPhases = (
				54FC48291DB812FE00278FB3 /* Sources */,
				54FC482A1DB812FE00278FB3 /* Frameworks */,
				54FC482B1DB812FE00278FB3 /* Resources */,
			);
			buildRules = (
			);
			dependencies = (
			);
			name = ToDoList;
			productName = ToDoList;
			productReference = 54FC482D1DB812FF00278FB3 /* ToDoList.app */;
			productType = "com.apple.product-type.application";
		};
		54FC48401DB812FF00278FB3 /* ToDoListTests */ = {
			isa = PBXNativeTarget;
			buildConfigurationList = 54FC48581DB812FF00278FB3 /* Build configuration list for PBXNativeTarget "ToDoListTests" */;
			buildPhases = (
				54FC483D1DB812FF00278FB3 /* Sources */,
				54FC483E1DB812FF00278FB3 /* Frameworks */,
				54FC483F1DB812FF00278FB3 /* Resources */,
			);
			buildRules = (
			);
			dependencies = (
				54FC48431DB812FF00278FB3 /* PBXTargetDependency */,
			);
			name = ToDoListTests;
			productName = ToDoListTests;
			productReference = 54FC48411DB812FF00278FB3 /* ToDoListTests.xctest */;
			productType = "com.apple.product-type.bundle.unit-test";
		};
		54FC484B1DB812FF00278FB3 /* ToDoListUITests */ = {
			isa = PBXNativeTarget;
			buildConfigurationList = 54FC485B1DB812FF00278FB3 /* Build configuration list for PBXNativeTarget "ToDoListUITests" */;
			buildPhases = (
				54FC48481DB812FF00278FB3 /* Sources */,
				54FC48491DB812FF00278FB3 /* Frameworks */,
				54FC484A1DB812FF00278FB3 /* Resources */,
			);
			buildRules = (
			);
			dependencies = (
				54FC484E1DB812FF00278FB3 /* PBXTargetDependency */,
			);
			name = ToDoListUITests;
			productName = ToDoListUITests;
			productReference = 54FC484C1DB812FF00278FB3 /* ToDoListUITests.xctest */;
			productType = "com.apple.product-type.bundle.ui-testing";
		};
/* End PBXNativeTarget section */

/* Begin PBXProject section */
		54FC48251DB812FE00278FB3 /* Project object */ = {
			isa = PBXProject;
			attributes = {
				LastSwiftUpdateCheck = 0800;
				LastUpgradeCheck = 0800;
				ORGANIZATIONNAME = "Gabriel Arreola";
				TargetAttributes = {
					54FC482C1DB812FE00278FB3 = {
						CreatedOnToolsVersion = 8.0;
						ProvisioningStyle = Automatic;
					};
					54FC48401DB812FF00278FB3 = {
						CreatedOnToolsVersion = 8.0;
						ProvisioningStyle = Automatic;
						TestTargetID = 54FC482C1DB812FE00278FB3;
					};
					54FC484B1DB812FF00278FB3 = {
						CreatedOnToolsVersion = 8.0;
						ProvisioningStyle = Automatic;
						TestTargetID = 54FC482C1DB812FE00278FB3;
					};
				};
			};
			buildConfigurationList = 54FC48281DB812FE00278FB3 /* Build configuration list for PBXProject "ToDoList" */;
			compatibilityVersion = "Xcode 3.2";
			developmentRegion = English;
			hasScannedForEncodings = 0;
			knownRegions = (
				en,
				Base,
			);
			mainGroup = 54FC48241DB812FE00278FB3;
			productRefGroup = 54FC482E1DB812FF00278FB3 /* Products */;
			projectDirPath = "";
			projectRoot = "";
			targets = (
				54FC482C1DB812FE00278FB3 /* ToDoList */,
				54FC48401DB812FF00278FB3 /* ToDoListTests */,
				54FC484B1DB812FF00278FB3 /* ToDoListUITests */,
			);
		};
/* End PBXProject section */

/* Begin PBXResourcesBuildPhase section */
		54FC482B1DB812FE00278FB3 /* Resources */ = {
			isa = PBXResourcesBuildPhase;
			buildActionMask = 2147483647;
			files = (
				54FC483B1DB812FF00278FB3 /* LaunchScreen.storyboard in Resources */,
				54FC48381DB812FF00278FB3 /* Assets.xcassets in Resources */,
				54FC48651DB9D43000278FB3 /* MealTableViewController.xib in Resources */,
				54FC48361DB812FF00278FB3 /* Main.storyboard in Resources */,
			);
			runOnlyForDeploymentPostprocessing = 0;
		};
		54FC483F1DB812FF00278FB3 /* Resources */ = {
			isa = PBXResourcesBuildPhase;
			buildActionMask = 2147483647;
			files = (
			);
			runOnlyForDeploymentPostprocessing = 0;
		};
		54FC484A1DB812FF00278FB3 /* Resources */ = {
			isa = PBXResourcesBuildPhase;
			buildActionMask = 2147483647;
			files = (
			);
			runOnlyForDeploymentPostprocessing = 0;
		};
/* End PBXResourcesBuildPhase section */

/* Begin PBXSourcesBuildPhase section */
		54FC48291DB812FE00278FB3 /* Sources */ = {
			isa = PBXSourcesBuildPhase;
			buildActionMask = 2147483647;
			files = (
				54FC48641DB9D43000278FB3 /* MealTableViewController.swift in Sources */,
				54FC48611DB9CAFE00278FB3 /* Meal.swift in Sources */,
				54FC48331DB812FF00278FB3 /* ViewController.swift in Sources */,
				54FC48311DB812FF00278FB3 /* AppDelegate.swift in Sources */,
				54FC485F1DB9C28100278FB3 /* MealTableViewCell.swift in Sources */,
				54FC48691DBC899F00278FB3 /* completedTableViewCell.swift in Sources */,
			);
			runOnlyForDeploymentPostprocessing = 0;
		};
		54FC483D1DB812FF00278FB3 /* Sources */ = {
			isa = PBXSourcesBuildPhase;
			buildActionMask = 2147483647;
			files = (
				54FC48461DB812FF00278FB3 /* ToDoListTests.swift in Sources */,
			);
			runOnlyForDeploymentPostprocessing = 0;
		};
		54FC48481DB812FF00278FB3 /* Sources */ = {
			isa = PBXSourcesBuildPhase;
			buildActionMask = 2147483647;
			files = (
				54FC48511DB812FF00278FB3 /* ToDoListUITests.swift in Sources */,
			);
			runOnlyForDeploymentPostprocessing = 0;
		};
/* End PBXSourcesBuildPhase section */

/* Begin PBXTargetDependency section */
		54FC48431DB812FF00278FB3 /* PBXTargetDependency */ = {
			isa = PBXTargetDependency;
			target = 54FC482C1DB812FE00278FB3 /* ToDoList */;
			targetProxy = 54FC48421DB812FF00278FB3 /* PBXContainerItemProxy */;
		};
		54FC484E1DB812FF00278FB3 /* PBXTargetDependency */ = {
			isa = PBXTargetDependency;
			target = 54FC482C1DB812FE00278FB3 /* ToDoList */;
			targetProxy = 54FC484D1DB812FF00278FB3 /* PBXContainerItemProxy */;
		};
/* End PBXTargetDependency section */

/* Begin PBXVariantGroup section */
		54FC48341DB812FF00278FB3 /* Main.storyboard */ = {
			isa = PBXVariantGroup;
			children = (
				54FC48351DB812FF00278FB3 /* Base */,
			);
			name = Main.storyboard;
			sourceTree = "<group>";
		};
		54FC48391DB812FF00278FB3 /* LaunchScreen.storyboard */ = {
			isa = PBXVariantGroup;
			children = (
				54FC483A1DB812FF00278FB3 /* Base */,
			);
			name = LaunchScreen.storyboard;
			sourceTree = "<group>";
		};
/* End PBXVariantGroup section */

/* Begin XCBuildConfiguration section */
		54FC48531DB812FF00278FB3 /* Debug */ = {
			isa = XCBuildConfiguration;
			buildSettings = {
				ALWAYS_SEARCH_USER_PATHS = NO;
				CLANG_ANALYZER_NONNULL = YES;
				CLANG_CXX_LANGUAGE_STANDARD = "gnu++0x";
				CLANG_CXX_LIBRARY = "libc++";
				CLANG_ENABLE_MODULES = YES;
				CLANG_ENABLE_OBJC_ARC = YES;
				CLANG_WARN_BOOL_CONVERSION = YES;
				CLANG_WARN_CONSTANT_CONVERSION = YES;
				CLANG_WARN_DIRECT_OBJC_ISA_USAGE = YES_ERROR;
				CLANG_WARN_DOCUMENTATION_COMMENTS = YES;
				CLANG_WARN_EMPTY_BODY = YES;
				CLANG_WARN_ENUM_CONVERSION = YES;
				CLANG_WARN_INFINITE_RECURSION = YES;
				CLANG_WARN_INT_CONVERSION = YES;
				CLANG_WARN_OBJC_ROOT_CLASS = YES_ERROR;
				CLANG_WARN_SUSPICIOUS_MOVES = YES;
				CLANG_WARN_UNREACHABLE_CODE = YES;
				CLANG_WARN__DUPLICATE_METHOD_MATCH = YES;
				"CODE_SIGN_IDENTITY[sdk=iphoneos*]" = "iPhone Developer";
				COPY_PHASE_STRIP = NO;
				DEBUG_INFORMATION_FORMAT = dwarf;
				ENABLE_STRICT_OBJC_MSGSEND = YES;
				ENABLE_TESTABILITY = YES;
				GCC_C_LANGUAGE_STANDARD = gnu99;
				GCC_DYNAMIC_NO_PIC = NO;
				GCC_NO_COMMON_BLOCKS = YES;
				GCC_OPTIMIZATION_LEVEL = 0;
				GCC_PREPROCESSOR_DEFINITIONS = (
					"DEBUG=1",
					"$(inherited)",
				);
				GCC_WARN_64_TO_32_BIT_CONVERSION = YES;
				GCC_WARN_ABOUT_RETURN_TYPE = YES_ERROR;
				GCC_WARN_UNDECLARED_SELECTOR = YES;
				GCC_WARN_UNINITIALIZED_AUTOS = YES_AGGRESSIVE;
				GCC_WARN_UNUSED_FUNCTION = YES;
				GCC_WARN_UNUSED_VARIABLE = YES;
				IPHONEOS_DEPLOYMENT_TARGET = 10.0;
				MTL_ENABLE_DEBUG_INFO = YES;
				ONLY_ACTIVE_ARCH = YES;
				SDKROOT = iphoneos;
				SWIFT_ACTIVE_COMPILATION_CONDITIONS = DEBUG;
				SWIFT_OPTIMIZATION_LEVEL = "-Onone";
				TARGETED_DEVICE_FAMILY = "1,2";
			};
			name = Debug;
		};
		54FC48541DB812FF00278FB3 /* Release */ = {
			isa = XCBuildConfiguration;
			buildSettings = {
				ALWAYS_SEARCH_USER_PATHS = NO;
				CLANG_ANALYZER_NONNULL = YES;
				CLANG_CXX_LANGUAGE_STANDARD = "gnu++0x";
				CLANG_CXX_LIBRARY = "libc++";
				CLANG_ENABLE_MODULES = YES;
				CLANG_ENABLE_OBJC_ARC = YES;
				CLANG_WARN_BOOL_CONVERSION = YES;
				CLANG_WARN_CONSTANT_CONVERSION = YES;
				CLANG_WARN_DIRECT_OBJC_ISA_USAGE = YES_ERROR;
				CLANG_WARN_DOCUMENTATION_COMMENTS = YES;
				CLANG_WARN_EMPTY_BODY = YES;
				CLANG_WARN_ENUM_CONVERSION = YES;
				CLANG_WARN_INFINITE_RECURSION = YES;
				CLANG_WARN_INT_CONVERSION = YES;
				CLANG_WARN_OBJC_ROOT_CLASS = YES_ERROR;
				CLANG_WARN_SUSPICIOUS_MOVES = YES;
				CLANG_WARN_UNREACHABLE_CODE = YES;
				CLANG_WARN__DUPLICATE_METHOD_MATCH = YES;
				"CODE_SIGN_IDENTITY[sdk=iphoneos*]" = "iPhone Developer";
				COPY_PHASE_STRIP = NO;
				DEBUG_INFORMATION_FORMAT = "dwarf-with-dsym";
				ENABLE_NS_ASSERTIONS = NO;
				ENABLE_STRICT_OBJC_MSGSEND = YES;
				GCC_C_LANGUAGE_STANDARD = gnu99;
				GCC_NO_COMMON_BLOCKS = YES;
				GCC_WARN_64_TO_32_BIT_CONVERSION = YES;
				GCC_WARN_ABOUT_RETURN_TYPE = YES_ERROR;
				GCC_WARN_UNDECLARED_SELECTOR = YES;
				GCC_WARN_UNINITIALIZED_AUTOS = YES_AGGRESSIVE;
				GCC_WARN_UNUSED_FUNCTION = YES;
				GCC_WARN_UNUSED_VARIABLE = YES;
				IPHONEOS_DEPLOYMENT_TARGET = 10.0;
				MTL_ENABLE_DEBUG_INFO = NO;
				SDKROOT = iphoneos;
				SWIFT_OPTIMIZATION_LEVEL = "-Owholemodule";
				TARGETED_DEVICE_FAMILY = "1,2";
				VALIDATE_PRODUCT = YES;
			};
			name = Release;
		};
		54FC48561DB812FF00278FB3 /* Debug */ = {
			isa = XCBuildConfiguration;
			buildSettings = {
				ASSETCATALOG_COMPILER_APPICON_NAME = AppIcon;
				INFOPLIST_FILE = ToDoList/Info.plist;
				LD_RUNPATH_SEARCH_PATHS = "$(inherited) @executable_path/Frameworks";
				PRODUCT_BUNDLE_IDENTIFIER = com.example.ToDoList;
				PRODUCT_NAME = "$(TARGET_NAME)";
				SWIFT_VERSION = 3.0;
			};
			name = Debug;
		};
		54FC48571DB812FF00278FB3 /* Release */ = {
			isa = XCBuildConfiguration;
			buildSettings = {
				ASSETCATALOG_COMPILER_APPICON_NAME = AppIcon;
				INFOPLIST_FILE = ToDoList/Info.plist;
				LD_RUNPATH_SEARCH_PATHS = "$(inherited) @executable_path/Frameworks";
				PRODUCT_BUNDLE_IDENTIFIER = com.example.ToDoList;
				PRODUCT_NAME = "$(TARGET_NAME)";
				SWIFT_VERSION = 3.0;
			};
			name = Release;
		};
		54FC48591DB812FF00278FB3 /* Debug */ = {
			isa = XCBuildConfiguration;
			buildSettings = {
				ALWAYS_EMBED_SWIFT_STANDARD_LIBRARIES = YES;
				BUNDLE_LOADER = "$(TEST_HOST)";
				INFOPLIST_FILE = ToDoListTests/Info.plist;
				LD_RUNPATH_SEARCH_PATHS = "$(inherited) @executable_path/Frameworks @loader_path/Frameworks";
				PRODUCT_BUNDLE_IDENTIFIER = com.example.ToDoListTests;
				PRODUCT_NAME = "$(TARGET_NAME)";
				SWIFT_VERSION = 3.0;
				TEST_HOST = "$(BUILT_PRODUCTS_DIR)/ToDoList.app/ToDoList";
			};
			name = Debug;
		};
		54FC485A1DB812FF00278FB3 /* Release */ = {
			isa = XCBuildConfiguration;
			buildSettings = {
				ALWAYS_EMBED_SWIFT_STANDARD_LIBRARIES = YES;
				BUNDLE_LOADER = "$(TEST_HOST)";
				INFOPLIST_FILE = ToDoListTests/Info.plist;
				LD_RUNPATH_SEARCH_PATHS = "$(inherited) @executable_path/Frameworks @loader_path/Frameworks";
				PRODUCT_BUNDLE_IDENTIFIER = com.example.ToDoListTests;
				PRODUCT_NAME = "$(TARGET_NAME)";
				SWIFT_VERSION = 3.0;
				TEST_HOST = "$(BUILT_PRODUCTS_DIR)/ToDoList.app/ToDoList";
			};
			name = Release;
		};
		54FC485C1DB812FF00278FB3 /* Debug */ = {
			isa = XCBuildConfiguration;
			buildSettings = {
				ALWAYS_EMBED_SWIFT_STANDARD_LIBRARIES = YES;
				INFOPLIST_FILE = ToDoListUITests/Info.plist;
				LD_RUNPATH_SEARCH_PATHS = "$(inherited) @executable_path/Frameworks @loader_path/Frameworks";
				PRODUCT_BUNDLE_IDENTIFIER = com.example.ToDoListUITests;
				PRODUCT_NAME = "$(TARGET_NAME)";
				SWIFT_VERSION = 3.0;
				TEST_TARGET_NAME = ToDoList;
			};
			name = Debug;
		};
		54FC485D1DB812FF00278FB3 /* Release */ = {
			isa = XCBuildConfiguration;
			buildSettings = {
				ALWAYS_EMBED_SWIFT_STANDARD_LIBRARIES = YES;
				INFOPLIST_FILE = ToDoListUITests/Info.plist;
				LD_RUNPATH_SEARCH_PATHS = "$(inherited) @executable_path/Frameworks @loader_path/Frameworks";
				PRODUCT_BUNDLE_IDENTIFIER = com.example.ToDoListUITests;
				PRODUCT_NAME = "$(TARGET_NAME)";
				SWIFT_VERSION = 3.0;
				TEST_TARGET_NAME = ToDoList;
			};
			name = Release;
		};
/* End XCBuildConfiguration section */

/* Begin XCConfigurationList section */
		54FC48281DB812FE00278FB3 /* Build configuration list for PBXProject "ToDoList" */ = {
			isa = XCConfigurationList;
			buildConfigurations = (
				54FC48531DB812FF00278FB3 /* Debug */,
				54FC48541DB812FF00278FB3 /* Release */,
			);
			defaultConfigurationIsVisible = 0;
			defaultConfigurationName = Release;
		};
		54FC48551DB812FF00278FB3 /* Build configuration list for PBXNativeTarget "ToDoList" */ = {
			isa = XCConfigurationList;
			buildConfigurations = (
				54FC48561DB812FF00278FB3 /* Debug */,
				54FC48571DB812FF00278FB3 /* Release */,
			);
			defaultConfigurationIsVisible = 0;
		};
		54FC48581DB812FF00278FB3 /* Build configuration list for PBXNativeTarget "ToDoListTests" */ = {
			isa = XCConfigurationList;
			buildConfigurations = (
				54FC48591DB812FF00278FB3 /* Debug */,
				54FC485A1DB812FF00278FB3 /* Release */,
			);
			defaultConfigurationIsVisible = 0;
		};
		54FC485B1DB812FF00278FB3 /* Build configuration list for PBXNativeTarget "ToDoListUITests" */ = {
			isa = XCConfigurationList;
			buildConfigurations = (
				54FC485C1DB812FF00278FB3 /* Debug */,
				54FC485D1DB812FF00278FB3 /* Release */,
			);
			defaultConfigurationIsVisible = 0;
		};
/* End XCConfigurationList section */
	};
	rootObject = 54FC48251DB812FE00278FB3 /* Project object */;
}
